// !$*UTF8*$!
{
	archiveVersion = 1;
	classes = {
	};
	objectVersion = 56;
	objects = {

/* Begin PBXBuildFile section */
		DB3BC0262B62D63E00E876DD /* TradingCard.swift in Sources */ = {isa = PBXBuildFile; fileRef = DB3BC0252B62D63E00E876DD /* TradingCard.swift */; };
		DB474B322B5EAB4500D20A84 /* TradingCardNewApp.swift in Sources */ = {isa = PBXBuildFile; fileRef = DB474B312B5EAB4500D20A84 /* TradingCardNewApp.swift */; };
		DB474B342B5EAB4500D20A84 /* ContentView.swift in Sources */ = {isa = PBXBuildFile; fileRef = DB474B332B5EAB4500D20A84 /* ContentView.swift */; };
		DB474B362B5EAB4700D20A84 /* Assets.xcassets in Resources */ = {isa = PBXBuildFile; fileRef = DB474B352B5EAB4700D20A84 /* Assets.xcassets */; };
		DB474B392B5EAB4700D20A84 /* Preview Assets.xcassets in Resources */ = {isa = PBXBuildFile; fileRef = DB474B382B5EAB4700D20A84 /* Preview Assets.xcassets */; };
		DB474B4B2B5EAE7A00D20A84 /* ListView.swift in Sources */ = {isa = PBXBuildFile; fileRef = DB474B4A2B5EAE7A00D20A84 /* ListView.swift */; };
		DB474B4F2B5EB9AD00D20A84 /* CardInfo.swift in Sources */ = {isa = PBXBuildFile; fileRef = DB474B4E2B5EB9AD00D20A84 /* CardInfo.swift */; };
/* End PBXBuildFile section */

/* Begin PBXFileReference section */
		DB3BC0252B62D63E00E876DD /* TradingCard.swift */ = {isa = PBXFileReference; lastKnownFileType = sourcecode.swift; path = TradingCard.swift; sourceTree = "<group>"; };
		DB474B2E2B5EAB4500D20A84 /* TradingCardNew.app */ = {isa = PBXFileReference; explicitFileType = wrapper.application; includeInIndex = 0; path = TradingCardNew.app; sourceTree = BUILT_PRODUCTS_DIR; };
		DB474B312B5EAB4500D20A84 /* TradingCardNewApp.swift */ = {isa = PBXFileReference; lastKnownFileType = sourcecode.swift; path = TradingCardNewApp.swift; sourceTree = "<group>"; };
		DB474B332B5EAB4500D20A84 /* ContentView.swift */ = {isa = PBXFileReference; lastKnownFileType = sourcecode.swift; path = ContentView.swift; sourceTree = "<group>"; };
		DB474B352B5EAB4700D20A84 /* Assets.xcassets */ = {isa = PBXFileReference; lastKnownFileType = folder.assetcatalog; path = Assets.xcassets; sourceTree = "<group>"; };
		DB474B382B5EAB4700D20A84 /* Preview Assets.xcassets */ = {isa = PBXFileReference; lastKnownFileType = folder.assetcatalog; path = "Preview Assets.xcassets"; sourceTree = "<group>"; };
		DB474B4A2B5EAE7A00D20A84 /* ListView.swift */ = {isa = PBXFileReference; lastKnownFileType = sourcecode.swift; path = ListView.swift; sourceTree = "<group>"; };
		DB474B4E2B5EB9AD00D20A84 /* CardInfo.swift */ = {isa = PBXFileReference; lastKnownFileType = sourcecode.swift; path = CardInfo.swift; sourceTree = "<group>"; };
/* End PBXFileReference section */

/* Begin PBXFrameworksBuildPhase section */
		DB474B2B2B5EAB4500D20A84 /* Frameworks */ = {
			isa = PBXFrameworksBuildPhase;
			buildActionMask = 2147483647;
			files = (
			);
			runOnlyForDeploymentPostprocessing = 0;
		};
/* End PBXFrameworksBuildPhase section */

/* Begin PBXGroup section */
		DB3BC0232B62D5E300E876DD /* Model */ = {
			isa = PBXGroup;
			children = (
				DB3BC0252B62D63E00E876DD /* TradingCard.swift */,
			);
			path = Model;
			sourceTree = "<group>";
		};
		DB3BC0242B62D5F400E876DD /* Views */ = {
			isa = PBXGroup;
			children = (
				DB474B332B5EAB4500D20A84 /* ContentView.swift */,
				DB474B4E2B5EB9AD00D20A84 /* CardInfo.swift */,
				DB474B4A2B5EAE7A00D20A84 /* ListView.swift */,
			);
			path = Views;
			sourceTree = "<group>";
		};
		DB474B252B5EAB4500D20A84 = {
			isa = PBXGroup;
			children = (
				DB474B302B5EAB4500D20A84 /* TradingCardNew */,
				DB474B2F2B5EAB4500D20A84 /* Products */,
			);
			sourceTree = "<group>";
		};
		DB474B2F2B5EAB4500D20A84 /* Products */ = {
			isa = PBXGroup;
			children = (
				DB474B2E2B5EAB4500D20A84 /* TradingCardNew.app */,
			);
			name = Products;
			sourceTree = "<group>";
		};
		DB474B302B5EAB4500D20A84 /* TradingCardNew */ = {
			isa = PBXGroup;
			children = (
				DB474B312B5EAB4500D20A84 /* TradingCardNewApp.swift */,
				DB3BC0232B62D5E300E876DD /* Model */,
				DB3BC0242B62D5F400E876DD /* Views */,
				DB474B352B5EAB4700D20A84 /* Assets.xcassets */,
				DB474B372B5EAB4700D20A84 /* Preview Content */,
			);
			path = TradingCardNew;
			sourceTree = "<group>";
		};
		DB474B372B5EAB4700D20A84 /* Preview Content */ = {
			isa = PBXGroup;
			children = (
				DB474B382B5EAB4700D20A84 /* Preview Assets.xcassets */,
			);
			path = "Preview Content";
			sourceTree = "<group>";
		};
/* End PBXGroup section */

/* Begin PBXNativeTarget section */
		DB474B2D2B5EAB4500D20A84 /* TradingCardNew */ = {
			isa = PBXNativeTarget;
			buildConfigurationList = DB474B3C2B5EAB4700D20A84 /* Build configuration list for PBXNativeTarget "TradingCardNew" */;
			buildPhases = (
				DB474B2A2B5EAB4500D20A84 /* Sources */,
				DB474B2B2B5EAB4500D20A84 /* Frameworks */,
				DB474B2C2B5EAB4500D20A84 /* Resources */,
			);
			buildRules = (
			);
			dependencies = (
			);
			name = TradingCardNew;
			productName = TradingCardNew;
			productReference = DB474B2E2B5EAB4500D20A84 /* TradingCardNew.app */;
			productType = "com.apple.product-type.application";
		};
/* End PBXNativeTarget section */

/* Begin PBXProject section */
		DB474B262B5EAB4500D20A84 /* Project object */ = {
			isa = PBXProject;
			attributes = {
				BuildIndependentTargetsInParallel = 1;
				LastSwiftUpdateCheck = 1520;
				LastUpgradeCheck = 1520;
				TargetAttributes = {
					DB474B2D2B5EAB4500D20A84 = {
						CreatedOnToolsVersion = 15.2;
					};
				};
			};
			buildConfigurationList = DB474B292B5EAB4500D20A84 /* Build configuration list for PBXProject "TradingCardNew" */;
			compatibilityVersion = "Xcode 14.0";
			developmentRegion = en;
			hasScannedForEncodings = 0;
			knownRegions = (
				en,
				Base,
			);
			mainGroup = DB474B252B5EAB4500D20A84;
			productRefGroup = DB474B2F2B5EAB4500D20A84 /* Products */;
			projectDirPath = "";
			projectRoot = "";
			targets = (
				DB474B2D2B5EAB4500D20A84 /* TradingCardNew */,
			);
		};
/* End PBXProject section */

/* Begin PBXResourcesBuildPhase section */
		DB474B2C2B5EAB4500D20A84 /* Resources */ = {
			isa = PBXResourcesBuildPhase;
			buildActionMask = 2147483647;
			files = (
				DB474B392B5EAB4700D20A84 /* Preview Assets.xcassets in Resources */,
				DB474B362B5EAB4700D20A84 /* Assets.xcassets in Resources */,
			);
			runOnlyForDeploymentPostprocessing = 0;
		};
/* End PBXResourcesBuildPhase section */

/* Begin PBXSourcesBuildPhase section */
		DB474B2A2B5EAB4500D20A84 /* Sources */ = {
			isa = PBXSourcesBuildPhase;
			buildActionMask = 2147483647;
			files = (
				DB474B4F2B5EB9AD00D20A84 /* CardInfo.swift in Sources */,
				DB474B4B2B5EAE7A00D20A84 /* ListView.swift in Sources */,
				DB474B342B5EAB4500D20A84 /* ContentView.swift in Sources */,
				DB3BC0262B62D63E00E876DD /* TradingCard.swift in Sources */,
				DB474B322B5EAB4500D20A84 /* TradingCardNewApp.swift in Sources */,
			);
			runOnlyForDeploymentPostprocessing = 0;
		};
/* End PBXSourcesBuildPhase section */

/* Begin XCBuildConfiguration section */
		DB474B3A2B5EAB4700D20A84 /* Debug */ = {
			isa = XCBuildConfiguration;
			buildSettings = {
				ALWAYS_SEARCH_USER_PATHS = NO;
				ASSETCATALOG_COMPILER_GENERATE_SWIFT_ASSET_SYMBOL_EXTENSIONS = YES;
				CLANG_ANALYZER_NONNULL = YES;
				CLANG_ANALYZER_NUMBER_OBJECT_CONVERSION = YES_AGGRESSIVE;
				CLANG_CXX_LANGUAGE_STANDARD = "gnu++20";
				CLANG_ENABLE_MODULES = YES;
				CLANG_ENABLE_OBJC_ARC = YES;
				CLANG_ENABLE_OBJC_WEAK = YES;
				CLANG_WARN_BLOCK_CAPTURE_AUTORELEASING = YES;
				CLANG_WARN_BOOL_CONVERSION = YES;
				CLANG_WARN_COMMA = YES;
				CLANG_WARN_CONSTANT_CONVERSION = YES;
				CLANG_WARN_DEPRECATED_OBJC_IMPLEMENTATIONS = YES;
				CLANG_WARN_DIRECT_OBJC_ISA_USAGE = YES_ERROR;
				CLANG_WARN_DOCUMENTATION_COMMENTS = YES;
				CLANG_WARN_EMPTY_BODY = YES;
				CLANG_WARN_ENUM_CONVERSION = YES;
				CLANG_WARN_INFINITE_RECURSION = YES;
				CLANG_WARN_INT_CONVERSION = YES;
				CLANG_WARN_NON_LITERAL_NULL_CONVERSION = YES;
				CLANG_WARN_OBJC_IMPLICIT_RETAIN_SELF = YES;
				CLANG_WARN_OBJC_LITERAL_CONVERSION = YES;
				CLANG_WARN_OBJC_ROOT_CLASS = YES_ERROR;
				CLANG_WARN_QUOTED_INCLUDE_IN_FRAMEWORK_HEADER = YES;
				CLANG_WARN_RANGE_LOOP_ANALYSIS = YES;
				CLANG_WARN_STRICT_PROTOTYPES = YES;
				CLANG_WARN_SUSPICIOUS_MOVE = YES;
				CLANG_WARN_UNGUARDED_AVAILABILITY = YES_AGGRESSIVE;
				CLANG_WARN_UNREACHABLE_CODE = YES;
				CLANG_WARN__DUPLICATE_METHOD_MATCH = YES;
				COPY_PHASE_STRIP = NO;
				DEBUG_INFORMATION_FORMAT = dwarf;
				ENABLE_STRICT_OBJC_MSGSEND = YES;
				ENABLE_TESTABILITY = YES;
				ENABLE_USER_SCRIPT_SANDBOXING = YES;
				GCC_C_LANGUAGE_STANDARD = gnu17;
				GCC_DYNAMIC_NO_PIC = NO;
				GCC_NO_COMMON_BLOCKS = YES;
				GCC_OPTIMIZATION_LEVEL = 0;
				GCC_PREPROCESSOR_DEFINITIONS = (
					"DEBUG=1",
					"$(inherited)",
				);
				GCC_WARN_64_TO_32_BIT_CONVERSION = YES;
				GCC_WARN_ABOUT_RETURN_TYPE = YES_ERROR;
				GCC_WARN_UNDECLARED_SELECTOR = YES;
				GCC_WARN_UNINITIALIZED_AUTOS = YES_AGGRESSIVE;
				GCC_WARN_UNUSED_FUNCTION = YES;
				GCC_WARN_UNUSED_VARIABLE = YES;
				IPHONEOS_DEPLOYMENT_TARGET = 17.2;
				LOCALIZATION_PREFERS_STRING_CATALOGS = YES;
				MTL_ENABLE_DEBUG_INFO = INCLUDE_SOURCE;
				MTL_FAST_MATH = YES;
				ONLY_ACTIVE_ARCH = YES;
				SDKROOT = iphoneos;
				SWIFT_ACTIVE_COMPILATION_CONDITIONS = "DEBUG $(inherited)";
				SWIFT_OPTIMIZATION_LEVEL = "-Onone";
			};
			name = Debug;
		};
		DB474B3B2B5EAB4700D20A84 /* Release */ = {
			isa = XCBuildConfiguration;
			buildSettings = {
				ALWAYS_SEARCH_USER_PATHS = NO;
				ASSETCATALOG_COMPILER_GENERATE_SWIFT_ASSET_SYMBOL_EXTENSIONS = YES;
				CLANG_ANALYZER_NONNULL = YES;
				CLANG_ANALYZER_NUMBER_OBJECT_CONVERSION = YES_AGGRESSIVE;
				CLANG_CXX_LANGUAGE_STANDARD = "gnu++20";
				CLANG_ENABLE_MODULES = YES;
				CLANG_ENABLE_OBJC_ARC = YES;
				CLANG_ENABLE_OBJC_WEAK = YES;
				CLANG_WARN_BLOCK_CAPTURE_AUTORELEASING = YES;
				CLANG_WARN_BOOL_CONVERSION = YES;
				CLANG_WARN_COMMA = YES;
				CLANG_WARN_CONSTANT_CONVERSION = YES;
				CLANG_WARN_DEPRECATED_OBJC_IMPLEMENTATIONS = YES;
				CLANG_WARN_DIRECT_OBJC_ISA_USAGE = YES_ERROR;
				CLANG_WARN_DOCUMENTATION_COMMENTS = YES;
				CLANG_WARN_EMPTY_BODY = YES;
				CLANG_WARN_ENUM_CONVERSION = YES;
				CLANG_WARN_INFINITE_RECURSION = YES;
				CLANG_WARN_INT_CONVERSION = YES;
				CLANG_WARN_NON_LITERAL_NULL_CONVERSION = YES;
				CLANG_WARN_OBJC_IMPLICIT_RETAIN_SELF = YES;
				CLANG_WARN_OBJC_LITERAL_CONVERSION = YES;
				CLANG_WARN_OBJC_ROOT_CLASS = YES_ERROR;
				CLANG_WARN_QUOTED_INCLUDE_IN_FRAMEWORK_HEADER = YES;
				CLANG_WARN_RANGE_LOOP_ANALYSIS = YES;
				CLANG_WARN_STRICT_PROTOTYPES = YES;
				CLANG_WARN_SUSPICIOUS_MOVE = YES;
				CLANG_WARN_UNGUARDED_AVAILABILITY = YES_AGGRESSIVE;
				CLANG_WARN_UNREACHABLE_CODE = YES;
				CLANG_WARN__DUPLICATE_METHOD_MATCH = YES;
				COPY_PHASE_STRIP = NO;
				DEBUG_INFORMATION_FORMAT = "dwarf-with-dsym";
				ENABLE_NS_ASSERTIONS = NO;
				ENABLE_STRICT_OBJC_MSGSEND = YES;
				ENABLE_USER_SCRIPT_SANDBOXING = YES;
				GCC_C_LANGUAGE_STANDARD = gnu17;
				GCC_NO_COMMON_BLOCKS = YES;
				GCC_WARN_64_TO_32_BIT_CONVERSION = YES;
				GCC_WARN_ABOUT_RETURN_TYPE = YES_ERROR;
				GCC_WARN_UNDECLARED_SELECTOR = YES;
				GCC_WARN_UNINITIALIZED_AUTOS = YES_AGGRESSIVE;
				GCC_WARN_UNUSED_FUNCTION = YES;
				GCC_WARN_UNUSED_VARIABLE = YES;
				IPHONEOS_DEPLOYMENT_TARGET = 17.2;
				LOCALIZATION_PREFERS_STRING_CATALOGS = YES;
				MTL_ENABLE_DEBUG_INFO = NO;
				MTL_FAST_MATH = YES;
				SDKROOT = iphoneos;
				SWIFT_COMPILATION_MODE = wholemodule;
				VALIDATE_PRODUCT = YES;
			};
			name = Release;
		};
		DB474B3D2B5EAB4700D20A84 /* Debug */ = {
			isa = XCBuildConfiguration;
			buildSettings = {
				ASSETCATALOG_COMPILER_APPICON_NAME = AppIcon;
				ASSETCATALOG_COMPILER_GLOBAL_ACCENT_COLOR_NAME = AccentColor;
				CODE_SIGN_STYLE = Automatic;
				CURRENT_PROJECT_VERSION = 1;
				DEVELOPMENT_ASSET_PATHS = "\"TradingCardNew/Preview Content\"";
				DEVELOPMENT_TEAM = Y5H78DP4LK;
				ENABLE_PREVIEWS = YES;
				GENERATE_INFOPLIST_FILE = YES;
				INFOPLIST_KEY_UIApplicationSceneManifest_Generation = YES;
				INFOPLIST_KEY_UIApplicationSupportsIndirectInputEvents = YES;
				INFOPLIST_KEY_UILaunchScreen_Generation = YES;
				INFOPLIST_KEY_UISupportedInterfaceOrientations_iPad = "UIInterfaceOrientationPortrait UIInterfaceOrientationPortraitUpsideDown UIInterfaceOrientationLandscapeLeft UIInterfaceOrientationLandscapeRight";
				INFOPLIST_KEY_UISupportedInterfaceOrientations_iPhone = "UIInterfaceOrientationPortrait UIInterfaceOrientationLandscapeLeft UIInterfaceOrientationLandscapeRight";
				LD_RUNPATH_SEARCH_PATHS = (
					"$(inherited)",
					"@executable_path/Frameworks",
				);
				MARKETING_VERSION = 1.0;
				PRODUCT_BUNDLE_IDENTIFIER = com.CooperAJ.TradingCardNew;
				PRODUCT_NAME = "$(TARGET_NAME)";
				SWIFT_EMIT_LOC_STRINGS = YES;
				SWIFT_VERSION = 5.0;
				TARGETED_DEVICE_FAMILY = "1,2";
			};
			name = Debug;
		};
		DB474B3E2B5EAB4700D20A84 /* Release */ = {
			isa = XCBuildConfiguration;
			buildSettings = {
				ASSETCATALOG_COMPILER_APPICON_NAME = AppIcon;
				ASSETCATALOG_COMPILER_GLOBAL_ACCENT_COLOR_NAME = AccentColor;
				CODE_SIGN_STYLE = Automatic;
				CURRENT_PROJECT_VERSION = 1;
				DEVELOPMENT_ASSET_PATHS = "\"TradingCardNew/Preview Content\"";
				DEVELOPMENT_TEAM = Y5H78DP4LK;
				ENABLE_PREVIEWS = YES;
				GENERATE_INFOPLIST_FILE = YES;
				INFOPLIST_KEY_UIApplicationSceneManifest_Generation = YES;
				INFOPLIST_KEY_UIApplicationSupportsIndirectInputEvents = YES;
				INFOPLIST_KEY_UILaunchScreen_Generation = YES;
				INFOPLIST_KEY_UISupportedInterfaceOrientations_iPad = "UIInterfaceOrientationPortrait UIInterfaceOrientationPortraitUpsideDown UIInterfaceOrientationLandscapeLeft UIInterfaceOrientationLandscapeRight";
				INFOPLIST_KEY_UISupportedInterfaceOrientations_iPhone = "UIInterfaceOrientationPortrait UIInterfaceOrientationLandscapeLeft UIInterfaceOrientationLandscapeRight";
				LD_RUNPATH_SEARCH_PATHS = (
					"$(inherited)",
					"@executable_path/Frameworks",
				);
				MARKETING_VERSION = 1.0;
				PRODUCT_BUNDLE_IDENTIFIER = com.CooperAJ.TradingCardNew;
				PRODUCT_NAME = "$(TARGET_NAME)";
				SWIFT_EMIT_LOC_STRINGS = YES;
				SWIFT_VERSION = 5.0;
				TARGETED_DEVICE_FAMILY = "1,2";
			};
			name = Release;
		};
/* End XCBuildConfiguration section */

/* Begin XCConfigurationList section */
		DB474B292B5EAB4500D20A84 /* Build configuration list for PBXProject "TradingCardNew" */ = {
			isa = XCConfigurationList;
			buildConfigurations = (
				DB474B3A2B5EAB4700D20A84 /* Debug */,
				DB474B3B2B5EAB4700D20A84 /* Release */,
			);
			defaultConfigurationIsVisible = 0;
			defaultConfigurationName = Release;
		};
		DB474B3C2B5EAB4700D20A84 /* Build configuration list for PBXNativeTarget "TradingCardNew" */ = {
			isa = XCConfigurationList;
			buildConfigurations = (
				DB474B3D2B5EAB4700D20A84 /* Debug */,
				DB474B3E2B5EAB4700D20A84 /* Release */,
			);
			defaultConfigurationIsVisible = 0;
			defaultConfigurationName = Release;
		};
/* End XCConfigurationList section */
	};
	rootObject = DB474B262B5EAB4500D20A84 /* Project object */;
}
